[{<<"erl_tpke">>,
  {git,"https://github.com/helium/erlang_tpke.git",
       {ref,"744f6a26da55b71a2b0d262c5addb08d8e921131"}},
  0},
 {<<"erlang_pbc">>,
  {git,"https://github.com/helium/erlang_pbc.git",
       {ref,"e0b62f61445a30eeea02e7399a6139f89e8099bd"}},
  1},
 {<<"leo_erasure">>,
  {git,"https://github.com/helium/leo_erasure.git",
       {ref,"4dc5823c4d60be12ba74245e579527195fa5b3c2"}},
  0},
 {<<"merkerl">>,
  {git,"https://github.com/helium/merkerl.git",
       {ref,"850ee2c9c1781cd74fcdb35ec12065bb722e8068"}},
  0}].
