{"1.1.0",
[{<<"erasure">>,
  {git,"https://github.com/helium/erlang-erasure.git",
       {ref,"5f53128e0a25264da6f03e355b6b25c59cd872d2"}},
  0},
 {<<"erlang_pbc">>,
  {git,"https://github.com/helium/erlang_pbc.git",
       {ref,"6a295520b4381c603bf988fff6627659d5ad7c7a"}},
  1},
 {<<"erlang_tpke">>,
  {git,"https://github.com/helium/erlang_tpke.git",
       {ref,"1e7c3d5c32c91cb2d6ed85a829341d7d1c398871"}},
  0},
 {<<"merkerl">>,{pkg,<<"merkerl">>,<<"1.0.1">>},0}]}.
[
{pkg_hash,[
 {<<"merkerl">>, <<"FFFA7591CB3C62E837533A1C71B3C3795194FC3E09541E25369F1C87AF38EFE1">>}]}
].
