{"1.1.0",
[{<<"erasure">>,
  {git,"https://github.com/helium/erlang-erasure.git",
       {ref,"0494d23eb30cbb0cfc467386c6c506eaf0bf1ac9"}},
  0},
 {<<"erlang_pbc">>,
  {git,"https://github.com/helium/erlang_pbc.git",
       {ref,"797bb64a0337e6f25c048a8765433794b0c87e80"}},
  1},
 {<<"erlang_tpke">>,
  {git,"https://github.com/helium/erlang_tpke.git",
       {ref,"b1ccd54d6f1763c1e59b03c97e57dcd814af985e"}},
  0},
 {<<"goldrush">>,{pkg,<<"goldrush">>,<<"0.1.9">>},1},
 {<<"lager">>,{pkg,<<"lager">>,<<"3.8.0">>},0},
 {<<"merkerl">>,{pkg,<<"merkerl">>,<<"1.0.1">>},0}]}.
[
{pkg_hash,[
 {<<"goldrush">>, <<"F06E5D5F1277DA5C413E84D5A2924174182FB108DABB39D5EC548B27424CD106">>},
 {<<"lager">>, <<"3402B9A7E473680CA179FC2F1D827CAB88DD37DD1E6113090C6F45EF05228A1C">>},
 {<<"merkerl">>, <<"FFFA7591CB3C62E837533A1C71B3C3795194FC3E09541E25369F1C87AF38EFE1">>}]}
].
